
Microsoft Visual Studio Solution File, Format Version 12.00
# Visual Studio Version 17
VisualStudioVersion = 17.14.36414.22 d17.14
MinimumVisualStudioVersion = 10.0.40219.1
Project("{FAE04EC0-301F-11D3-BF4B-00C04F79EFBC}") = "steamuser", "steamuser\steamuser.csproj", "{EAC03059-2AE2-4645-9FB4-42B41CE620FC}"
EndProject
Global
	GlobalSection(SolutionConfigurationPlatforms) = preSolution
		Debug|Any CPU = Debug|Any CPU
		Release|Any CPU = Release|Any CPU
	EndGlobalSection
	GlobalSection(ProjectConfigurationPlatforms) = postSolution
		{EAC03059-2AE2-4645-9FB4-42B41CE620FC}.Debug|Any CPU.ActiveCfg = Debug|Any CPU
		{EAC03059-2AE2-4645-9FB4-42B41CE620FC}.Debug|Any CPU.Build.0 = Debug|Any CPU
		{EAC03059-2AE2-4645-9FB4-42B41CE620FC}.Release|Any CPU.ActiveCfg = Release|Any CPU
		{EAC03059-2AE2-4645-9FB4-42B41CE620FC}.Release|Any CPU.Build.0 = Release|Any CPU
	EndGlobalSection
	GlobalSection(SolutionProperties) = preSolution
		HideSolutionNode = FALSE
	EndGlobalSection
	GlobalSection(ExtensibilityGlobals) = postSolution
		SolutionGuid = {DE966790-A485-4600-85B2-141D4D73CDB9}
	EndGlobalSection
EndGlobal
